// !$*UTF8*$!
{
	archiveVersion = 1;
	classes = {
	};
	objectVersion = 46;
	objects = {

/* Begin PBXBuildFile section */
		103D403716661BD300A83155 /* fondo.png in Resources */ = {isa = PBXBuildFile; fileRef = 103D402D16661BD300A83155 /* fondo.png */; };
		103D403816661BD300A83155 /* fondo@2x.png in Resources */ = {isa = PBXBuildFile; fileRef = 103D402E16661BD300A83155 /* fondo@2x.png */; };
		103D403916661BD300A83155 /* info.png in Resources */ = {isa = PBXBuildFile; fileRef = 103D402F16661BD300A83155 /* info.png */; };
		103D403A16661BD300A83155 /* info@2x.png in Resources */ = {isa = PBXBuildFile; fileRef = 103D403016661BD300A83155 /* info@2x.png */; };
		103D403B16661BD300A83155 /* logo.png in Resources */ = {isa = PBXBuildFile; fileRef = 103D403116661BD300A83155 /* logo.png */; };
		103D403C16661BD300A83155 /* logo@2x.png in Resources */ = {isa = PBXBuildFile; fileRef = 103D403216661BD300A83155 /* logo@2x.png */; };
		103D403D16661BD300A83155 /* pause.png in Resources */ = {isa = PBXBuildFile; fileRef = 103D403316661BD300A83155 /* pause.png */; };
		103D403E16661BD300A83155 /* pause@2x.png in Resources */ = {isa = PBXBuildFile; fileRef = 103D403416661BD300A83155 /* pause@2x.png */; };
		103D403F16661BD300A83155 /* play.png in Resources */ = {isa = PBXBuildFile; fileRef = 103D403516661BD300A83155 /* play.png */; };
		108377A216636175006B86C6 /* UIKit.framework in Frameworks */ = {isa = PBXBuildFile; fileRef = 108377A116636175006B86C6 /* UIKit.framework */; };
		108377A416636175006B86C6 /* Foundation.framework in Frameworks */ = {isa = PBXBuildFile; fileRef = 108377A316636175006B86C6 /* Foundation.framework */; };
		108377A616636175006B86C6 /* CoreGraphics.framework in Frameworks */ = {isa = PBXBuildFile; fileRef = 108377A516636175006B86C6 /* CoreGraphics.framework */; };
		108377A816636175006B86C6 /* CoreData.framework in Frameworks */ = {isa = PBXBuildFile; fileRef = 108377A716636175006B86C6 /* CoreData.framework */; };
		108377AE16636175006B86C6 /* InfoPlist.strings in Resources */ = {isa = PBXBuildFile; fileRef = 108377AC16636175006B86C6 /* InfoPlist.strings */; };
		108377B016636175006B86C6 /* main.m in Sources */ = {isa = PBXBuildFile; fileRef = 108377AF16636175006B86C6 /* main.m */; };
		108377B416636175006B86C6 /* AppDelegate.m in Sources */ = {isa = PBXBuildFile; fileRef = 108377B316636175006B86C6 /* AppDelegate.m */; };
		108377B616636175006B86C6 /* Default.png in Resources */ = {isa = PBXBuildFile; fileRef = 108377B516636175006B86C6 /* Default.png */; };
		108377B816636175006B86C6 /* Default@2x.png in Resources */ = {isa = PBXBuildFile; fileRef = 108377B716636175006B86C6 /* Default@2x.png */; };
		108377BA16636175006B86C6 /* Default-568h@2x.png in Resources */ = {isa = PBXBuildFile; fileRef = 108377B916636175006B86C6 /* Default-568h@2x.png */; };
		108377BD16636175006B86C6 /* MainStoryboard.storyboard in Resources */ = {isa = PBXBuildFile; fileRef = 108377BB16636175006B86C6 /* MainStoryboard.storyboard */; };
		108377C016636176006B86C6 /* cienciaes.xcdatamodeld in Sources */ = {isa = PBXBuildFile; fileRef = 108377BE16636176006B86C6 /* cienciaes.xcdatamodeld */; };
		108377C316636176006B86C6 /* MainViewController.m in Sources */ = {isa = PBXBuildFile; fileRef = 108377C216636176006B86C6 /* MainViewController.m */; };
		108377C616636176006B86C6 /* FlipsideViewController.m in Sources */ = {isa = PBXBuildFile; fileRef = 108377C516636176006B86C6 /* FlipsideViewController.m */; };
		108377D3166365B8006B86C6 /* AVFoundation.framework in Frameworks */ = {isa = PBXBuildFile; fileRef = 108377D2166365B8006B86C6 /* AVFoundation.framework */; };
		10CCF2C516639DAE00E629C2 /* AudioToolbox.framework in Frameworks */ = {isa = PBXBuildFile; fileRef = 10CCF2C416639DAE00E629C2 /* AudioToolbox.framework */; };
		10CCF2C816639DC000E629C2 /* CFNetwork.framework in Frameworks */ = {isa = PBXBuildFile; fileRef = 10CCF2C716639DC000E629C2 /* CFNetwork.framework */; };
		10CCF2CA16639DDD00E629C2 /* QuartzCore.framework in Frameworks */ = {isa = PBXBuildFile; fileRef = 10CCF2C916639DDD00E629C2 /* QuartzCore.framework */; };
		10CCF2CC16639DEE00E629C2 /* MediaPlayer.framework in Frameworks */ = {isa = PBXBuildFile; fileRef = 10CCF2CB16639DEE00E629C2 /* MediaPlayer.framework */; };
		10E1BBEB166641500084F9EA /* Icon-Small.png in Resources */ = {isa = PBXBuildFile; fileRef = 10E1BBE5166641500084F9EA /* Icon-Small.png */; };
		10E1BBEC166641500084F9EA /* Icon-Small@2x.png in Resources */ = {isa = PBXBuildFile; fileRef = 10E1BBE6166641500084F9EA /* Icon-Small@2x.png */; };
		10E1BBED166641500084F9EA /* Icon.png in Resources */ = {isa = PBXBuildFile; fileRef = 10E1BBE7166641500084F9EA /* Icon.png */; };
		10E1BBEE166641500084F9EA /* Icon@2x.png in Resources */ = {isa = PBXBuildFile; fileRef = 10E1BBE8166641500084F9EA /* Icon@2x.png */; };
		10E1BBEF166641500084F9EA /* iTunesArtwork512 in Resources */ = {isa = PBXBuildFile; fileRef = 10E1BBE9166641500084F9EA /* iTunesArtwork512 */; };
		10E1BBF0166641500084F9EA /* iTunesArtwork1024 in Resources */ = {isa = PBXBuildFile; fileRef = 10E1BBEA166641500084F9EA /* iTunesArtwork1024 */; };
		10E1BBF716665AEA0084F9EA /* play@2x.png in Resources */ = {isa = PBXBuildFile; fileRef = 10E1BBF616665AEA0084F9EA /* play@2x.png */; };
		10E1BBFD16665BDD0084F9EA /* pause_high.png in Resources */ = {isa = PBXBuildFile; fileRef = 10E1BBF916665BDD0084F9EA /* pause_high.png */; };
		10E1BBFE16665BDD0084F9EA /* pause_high@2x.png in Resources */ = {isa = PBXBuildFile; fileRef = 10E1BBFA16665BDD0084F9EA /* pause_high@2x.png */; };
		10E1BC0016665BDD0084F9EA /* play_high@2x.png in Resources */ = {isa = PBXBuildFile; fileRef = 10E1BBFC16665BDD0084F9EA /* play_high@2x.png */; };
/* End PBXBuildFile section */

/* Begin PBXFileReference section */
		103D402D16661BD300A83155 /* fondo.png */ = {isa = PBXFileReference; lastKnownFileType = image.png; path = fondo.png; sourceTree = "<group>"; };
		103D402E16661BD300A83155 /* fondo@2x.png */ = {isa = PBXFileReference; lastKnownFileType = image.png; path = "fondo@2x.png"; sourceTree = "<group>"; };
		103D402F16661BD300A83155 /* info.png */ = {isa = PBXFileReference; lastKnownFileType = image.png; path = info.png; sourceTree = "<group>"; };
		103D403016661BD300A83155 /* info@2x.png */ = {isa = PBXFileReference; lastKnownFileType = image.png; path = "info@2x.png"; sourceTree = "<group>"; };
		103D403116661BD300A83155 /* logo.png */ = {isa = PBXFileReference; lastKnownFileType = image.png; path = logo.png; sourceTree = "<group>"; };
		103D403216661BD300A83155 /* logo@2x.png */ = {isa = PBXFileReference; lastKnownFileType = image.png; path = "logo@2x.png"; sourceTree = "<group>"; };
		103D403316661BD300A83155 /* pause.png */ = {isa = PBXFileReference; lastKnownFileType = image.png; path = pause.png; sourceTree = "<group>"; };
		103D403416661BD300A83155 /* pause@2x.png */ = {isa = PBXFileReference; lastKnownFileType = image.png; path = "pause@2x.png"; sourceTree = "<group>"; };
		103D403516661BD300A83155 /* play.png */ = {isa = PBXFileReference; lastKnownFileType = image.png; path = play.png; sourceTree = "<group>"; };
		1083779D16636175006B86C6 /* cienciaes.app */ = {isa = PBXFileReference; explicitFileType = wrapper.application; includeInIndex = 0; path = cienciaes.app; sourceTree = BUILT_PRODUCTS_DIR; };
		108377A116636175006B86C6 /* UIKit.framework */ = {isa = PBXFileReference; lastKnownFileType = wrapper.framework; name = UIKit.framework; path = System/Library/Frameworks/UIKit.framework; sourceTree = SDKROOT; };
		108377A316636175006B86C6 /* Foundation.framework */ = {isa = PBXFileReference; lastKnownFileType = wrapper.framework; name = Foundation.framework; path = System/Library/Frameworks/Foundation.framework; sourceTree = SDKROOT; };
		108377A516636175006B86C6 /* CoreGraphics.framework */ = {isa = PBXFileReference; lastKnownFileType = wrapper.framework; name = CoreGraphics.framework; path = System/Library/Frameworks/CoreGraphics.framework; sourceTree = SDKROOT; };
		108377A716636175006B86C6 /* CoreData.framework */ = {isa = PBXFileReference; lastKnownFileType = wrapper.framework; name = CoreData.framework; path = System/Library/Frameworks/CoreData.framework; sourceTree = SDKROOT; };
		108377AB16636175006B86C6 /* cienciaes-Info.plist */ = {isa = PBXFileReference; lastKnownFileType = text.plist.xml; path = "cienciaes-Info.plist"; sourceTree = "<group>"; };
		108377AD16636175006B86C6 /* en */ = {isa = PBXFileReference; lastKnownFileType = text.plist.strings; name = en; path = en.lproj/InfoPlist.strings; sourceTree = "<group>"; };
		108377AF16636175006B86C6 /* main.m */ = {isa = PBXFileReference; lastKnownFileType = sourcecode.c.objc; path = main.m; sourceTree = "<group>"; };
		108377B116636175006B86C6 /* cienciaes-Prefix.pch */ = {isa = PBXFileReference; lastKnownFileType = sourcecode.c.h; path = "cienciaes-Prefix.pch"; sourceTree = "<group>"; };
		108377B216636175006B86C6 /* AppDelegate.h */ = {isa = PBXFileReference; lastKnownFileType = sourcecode.c.h; path = AppDelegate.h; sourceTree = "<group>"; };
		108377B316636175006B86C6 /* AppDelegate.m */ = {isa = PBXFileReference; lastKnownFileType = sourcecode.c.objc; path = AppDelegate.m; sourceTree = "<group>"; };
		108377B516636175006B86C6 /* Default.png */ = {isa = PBXFileReference; lastKnownFileType = image.png; path = Default.png; sourceTree = "<group>"; };
		108377B716636175006B86C6 /* Default@2x.png */ = {isa = PBXFileReference; lastKnownFileType = image.png; path = "Default@2x.png"; sourceTree = "<group>"; };
		108377B916636175006B86C6 /* Default-568h@2x.png */ = {isa = PBXFileReference; lastKnownFileType = image.png; path = "Default-568h@2x.png"; sourceTree = "<group>"; };
		108377BC16636175006B86C6 /* en */ = {isa = PBXFileReference; lastKnownFileType = file.storyboard; name = en; path = en.lproj/MainStoryboard.storyboard; sourceTree = "<group>"; };
		108377BF16636176006B86C6 /* cienciaes.xcdatamodel */ = {isa = PBXFileReference; lastKnownFileType = wrapper.xcdatamodel; path = cienciaes.xcdatamodel; sourceTree = "<group>"; };
		108377C116636176006B86C6 /* MainViewController.h */ = {isa = PBXFileReference; lastKnownFileType = sourcecode.c.h; path = MainViewController.h; sourceTree = "<group>"; };
		108377C216636176006B86C6 /* MainViewController.m */ = {isa = PBXFileReference; lastKnownFileType = sourcecode.c.objc; path = MainViewController.m; sourceTree = "<group>"; };
		108377C416636176006B86C6 /* FlipsideViewController.h */ = {isa = PBXFileReference; lastKnownFileType = sourcecode.c.h; path = FlipsideViewController.h; sourceTree = "<group>"; };
		108377C516636176006B86C6 /* FlipsideViewController.m */ = {isa = PBXFileReference; lastKnownFileType = sourcecode.c.objc; path = FlipsideViewController.m; sourceTree = "<group>"; };
		108377D2166365B8006B86C6 /* AVFoundation.framework */ = {isa = PBXFileReference; lastKnownFileType = wrapper.framework; name = AVFoundation.framework; path = System/Library/Frameworks/AVFoundation.framework; sourceTree = SDKROOT; };
		10CCF2C416639DAE00E629C2 /* AudioToolbox.framework */ = {isa = PBXFileReference; lastKnownFileType = wrapper.framework; name = AudioToolbox.framework; path = System/Library/Frameworks/AudioToolbox.framework; sourceTree = SDKROOT; };
		10CCF2C716639DC000E629C2 /* CFNetwork.framework */ = {isa = PBXFileReference; lastKnownFileType = wrapper.framework; name = CFNetwork.framework; path = System/Library/Frameworks/CFNetwork.framework; sourceTree = SDKROOT; };
		10CCF2C916639DDD00E629C2 /* QuartzCore.framework */ = {isa = PBXFileReference; lastKnownFileType = wrapper.framework; name = QuartzCore.framework; path = System/Library/Frameworks/QuartzCore.framework; sourceTree = SDKROOT; };
		10CCF2CB16639DEE00E629C2 /* MediaPlayer.framework */ = {isa = PBXFileReference; lastKnownFileType = wrapper.framework; name = MediaPlayer.framework; path = System/Library/Frameworks/MediaPlayer.framework; sourceTree = SDKROOT; };
		10E1BBE5166641500084F9EA /* Icon-Small.png */ = {isa = PBXFileReference; lastKnownFileType = image.png; path = "Icon-Small.png"; sourceTree = "<group>"; };
		10E1BBE6166641500084F9EA /* Icon-Small@2x.png */ = {isa = PBXFileReference; lastKnownFileType = image.png; path = "Icon-Small@2x.png"; sourceTree = "<group>"; };
		10E1BBE7166641500084F9EA /* Icon.png */ = {isa = PBXFileReference; lastKnownFileType = image.png; path = Icon.png; sourceTree = "<group>"; };
		10E1BBE8166641500084F9EA /* Icon@2x.png */ = {isa = PBXFileReference; lastKnownFileType = image.png; path = "Icon@2x.png"; sourceTree = "<group>"; };
		10E1BBE9166641500084F9EA /* iTunesArtwork512 */ = {isa = PBXFileReference; lastKnownFileType = file; path = iTunesArtwork512; sourceTree = "<group>"; };
		10E1BBEA166641500084F9EA /* iTunesArtwork1024 */ = {isa = PBXFileReference; lastKnownFileType = file; path = iTunesArtwork1024; sourceTree = "<group>"; };
		10E1BBF616665AEA0084F9EA /* play@2x.png */ = {isa = PBXFileReference; lastKnownFileType = image.png; path = "play@2x.png"; sourceTree = "<group>"; };
		10E1BBF916665BDD0084F9EA /* pause_high.png */ = {isa = PBXFileReference; lastKnownFileType = image.png; path = pause_high.png; sourceTree = "<group>"; };
		10E1BBFA16665BDD0084F9EA /* pause_high@2x.png */ = {isa = PBXFileReference; lastKnownFileType = image.png; path = "pause_high@2x.png"; sourceTree = "<group>"; };
		10E1BBFC16665BDD0084F9EA /* play_high@2x.png */ = {isa = PBXFileReference; lastKnownFileType = image.png; path = "play_high@2x.png"; sourceTree = "<group>"; };
/* End PBXFileReference section */

/* Begin PBXFrameworksBuildPhase section */
		1083779A16636175006B86C6 /* Frameworks */ = {
			isa = PBXFrameworksBuildPhase;
			buildActionMask = 2147483647;
			files = (
				10CCF2CC16639DEE00E629C2 /* MediaPlayer.framework in Frameworks */,
				10CCF2CA16639DDD00E629C2 /* QuartzCore.framework in Frameworks */,
				10CCF2C816639DC000E629C2 /* CFNetwork.framework in Frameworks */,
				10CCF2C516639DAE00E629C2 /* AudioToolbox.framework in Frameworks */,
				108377D3166365B8006B86C6 /* AVFoundation.framework in Frameworks */,
				108377A216636175006B86C6 /* UIKit.framework in Frameworks */,
				108377A416636175006B86C6 /* Foundation.framework in Frameworks */,
				108377A616636175006B86C6 /* CoreGraphics.framework in Frameworks */,
				108377A816636175006B86C6 /* CoreData.framework in Frameworks */,
			);
			runOnlyForDeploymentPostprocessing = 0;
		};
/* End PBXFrameworksBuildPhase section */

/* Begin PBXGroup section */
		1083779216636175006B86C6 = {
			isa = PBXGroup;
			children = (
				108377A916636175006B86C6 /* cienciaes */,
				108377A016636175006B86C6 /* Frameworks */,
				1083779E16636175006B86C6 /* Products */,
			);
			sourceTree = "<group>";
		};
		1083779E16636175006B86C6 /* Products */ = {
			isa = PBXGroup;
			children = (
				1083779D16636175006B86C6 /* cienciaes.app */,
			);
			name = Products;
			sourceTree = "<group>";
		};
		108377A016636175006B86C6 /* Frameworks */ = {
			isa = PBXGroup;
			children = (
				10CCF2CB16639DEE00E629C2 /* MediaPlayer.framework */,
				10CCF2C916639DDD00E629C2 /* QuartzCore.framework */,
				10CCF2C716639DC000E629C2 /* CFNetwork.framework */,
				10CCF2C416639DAE00E629C2 /* AudioToolbox.framework */,
				108377D2166365B8006B86C6 /* AVFoundation.framework */,
				108377A116636175006B86C6 /* UIKit.framework */,
				108377A316636175006B86C6 /* Foundation.framework */,
				108377A516636175006B86C6 /* CoreGraphics.framework */,
				108377A716636175006B86C6 /* CoreData.framework */,
			);
			name = Frameworks;
			sourceTree = "<group>";
		};
		108377A916636175006B86C6 /* cienciaes */ = {
			isa = PBXGroup;
			children = (
				10E1BBE4166641460084F9EA /* icons */,
				10B1785A1665F6F300CA725D /* images */,
				10C1FF4E16639B290030DE60 /* Streamer */,
				108377B216636175006B86C6 /* AppDelegate.h */,
				108377B316636175006B86C6 /* AppDelegate.m */,
				108377BB16636175006B86C6 /* MainStoryboard.storyboard */,
				108377C116636176006B86C6 /* MainViewController.h */,
				108377C216636176006B86C6 /* MainViewController.m */,
				108377C416636176006B86C6 /* FlipsideViewController.h */,
				108377C516636176006B86C6 /* FlipsideViewController.m */,
				108377BE16636176006B86C6 /* cienciaes.xcdatamodeld */,
				108377AA16636175006B86C6 /* Supporting Files */,
			);
			path = cienciaes;
			sourceTree = "<group>";
		};
		108377AA16636175006B86C6 /* Supporting Files */ = {
			isa = PBXGroup;
			children = (
				108377AB16636175006B86C6 /* cienciaes-Info.plist */,
				108377AC16636175006B86C6 /* InfoPlist.strings */,
				108377AF16636175006B86C6 /* main.m */,
				108377B116636175006B86C6 /* cienciaes-Prefix.pch */,
				108377B516636175006B86C6 /* Default.png */,
				108377B716636175006B86C6 /* Default@2x.png */,
				108377B916636175006B86C6 /* Default-568h@2x.png */,
			);
			name = "Supporting Files";
			sourceTree = "<group>";
		};
		10B1785A1665F6F300CA725D /* images */ = {
			isa = PBXGroup;
			children = (
				103D402D16661BD300A83155 /* fondo.png */,
				103D402E16661BD300A83155 /* fondo@2x.png */,
				103D402F16661BD300A83155 /* info.png */,
				103D403016661BD300A83155 /* info@2x.png */,
				103D403116661BD300A83155 /* logo.png */,
				103D403216661BD300A83155 /* logo@2x.png */,
				103D403316661BD300A83155 /* pause.png */,
				103D403416661BD300A83155 /* pause@2x.png */,
				103D403516661BD300A83155 /* play.png */,
				10E1BBF616665AEA0084F9EA /* play@2x.png */,
				10E1BBF916665BDD0084F9EA /* pause_high.png */,
				10E1BBFA16665BDD0084F9EA /* pause_high@2x.png */,
				10E1BBFC16665BDD0084F9EA /* play_high@2x.png */,
			);
			path = images;
			sourceTree = "<group>";
		};
		10C1FF4E16639B290030DE60 /* Streamer */ = {
			isa = PBXGroup;
			children = (
			);
			name = Streamer;
			sourceTree = "<group>";
		};
		10E1BBE4166641460084F9EA /* icons */ = {
			isa = PBXGroup;
			children = (
				10E1BBE5166641500084F9EA /* Icon-Small.png */,
				10E1BBE6166641500084F9EA /* Icon-Small@2x.png */,
				10E1BBE7166641500084F9EA /* Icon.png */,
				10E1BBE8166641500084F9EA /* Icon@2x.png */,
				10E1BBE9166641500084F9EA /* iTunesArtwork512 */,
				10E1BBEA166641500084F9EA /* iTunesArtwork1024 */,
			);
			name = icons;
			sourceTree = "<group>";
		};
/* End PBXGroup section */

/* Begin PBXNativeTarget section */
		1083779C16636175006B86C6 /* cienciaes */ = {
			isa = PBXNativeTarget;
			buildConfigurationList = 108377C916636176006B86C6 /* Build configuration list for PBXNativeTarget "cienciaes" */;
			buildPhases = (
				1083779916636175006B86C6 /* Sources */,
				1083779A16636175006B86C6 /* Frameworks */,
				1083779B16636175006B86C6 /* Resources */,
			);
			buildRules = (
			);
			dependencies = (
			);
			name = cienciaes;
			productName = cienciaes;
			productReference = 1083779D16636175006B86C6 /* cienciaes.app */;
			productType = "com.apple.product-type.application";
		};
/* End PBXNativeTarget section */

/* Begin PBXProject section */
		1083779416636175006B86C6 /* Project object */ = {
			isa = PBXProject;
			attributes = {
				LastUpgradeCheck = 0450;
				ORGANIZATIONNAME = inycom;
			};
			buildConfigurationList = 1083779716636175006B86C6 /* Build configuration list for PBXProject "cienciaes" */;
			compatibilityVersion = "Xcode 3.2";
			developmentRegion = English;
			hasScannedForEncodings = 0;
			knownRegions = (
				en,
			);
			mainGroup = 1083779216636175006B86C6;
			productRefGroup = 1083779E16636175006B86C6 /* Products */;
			projectDirPath = "";
			projectRoot = "";
			targets = (
				1083779C16636175006B86C6 /* cienciaes */,
			);
		};
/* End PBXProject section */

/* Begin PBXResourcesBuildPhase section */
		1083779B16636175006B86C6 /* Resources */ = {
			isa = PBXResourcesBuildPhase;
			buildActionMask = 2147483647;
			files = (
				108377AE16636175006B86C6 /* InfoPlist.strings in Resources */,
				108377B616636175006B86C6 /* Default.png in Resources */,
				108377B816636175006B86C6 /* Default@2x.png in Resources */,
				108377BA16636175006B86C6 /* Default-568h@2x.png in Resources */,
				108377BD16636175006B86C6 /* MainStoryboard.storyboard in Resources */,
				103D403716661BD300A83155 /* fondo.png in Resources */,
				103D403816661BD300A83155 /* fondo@2x.png in Resources */,
				103D403916661BD300A83155 /* info.png in Resources */,
				103D403A16661BD300A83155 /* info@2x.png in Resources */,
				103D403B16661BD300A83155 /* logo.png in Resources */,
				103D403C16661BD300A83155 /* logo@2x.png in Resources */,
				103D403D16661BD300A83155 /* pause.png in Resources */,
				103D403E16661BD300A83155 /* pause@2x.png in Resources */,
				103D403F16661BD300A83155 /* play.png in Resources */,
				10E1BBEB166641500084F9EA /* Icon-Small.png in Resources */,
				10E1BBEC166641500084F9EA /* Icon-Small@2x.png in Resources */,
				10E1BBED166641500084F9EA /* Icon.png in Resources */,
				10E1BBEE166641500084F9EA /* Icon@2x.png in Resources */,
				10E1BBEF166641500084F9EA /* iTunesArtwork512 in Resources */,
				10E1BBF0166641500084F9EA /* iTunesArtwork1024 in Resources */,
				10E1BBF716665AEA0084F9EA /* play@2x.png in Resources */,
				10E1BBFD16665BDD0084F9EA /* pause_high.png in Resources */,
				10E1BBFE16665BDD0084F9EA /* pause_high@2x.png in Resources */,
				10E1BC0016665BDD0084F9EA /* play_high@2x.png in Resources */,
			);
			runOnlyForDeploymentPostprocessing = 0;
		};
/* End PBXResourcesBuildPhase section */

/* Begin PBXSourcesBuildPhase section */
		1083779916636175006B86C6 /* Sources */ = {
			isa = PBXSourcesBuildPhase;
			buildActionMask = 2147483647;
			files = (
				108377B016636175006B86C6 /* main.m in Sources */,
				108377B416636175006B86C6 /* AppDelegate.m in Sources */,
				108377C016636176006B86C6 /* cienciaes.xcdatamodeld in Sources */,
				108377C316636176006B86C6 /* MainViewController.m in Sources */,
				108377C616636176006B86C6 /* FlipsideViewController.m in Sources */,
			);
			runOnlyForDeploymentPostprocessing = 0;
		};
/* End PBXSourcesBuildPhase section */

/* Begin PBXVariantGroup section */
		108377AC16636175006B86C6 /* InfoPlist.strings */ = {
			isa = PBXVariantGroup;
			children = (
				108377AD16636175006B86C6 /* en */,
			);
			name = InfoPlist.strings;
			sourceTree = "<group>";
		};
		108377BB16636175006B86C6 /* MainStoryboard.storyboard */ = {
			isa = PBXVariantGroup;
			children = (
				108377BC16636175006B86C6 /* en */,
			);
			name = MainStoryboard.storyboard;
			sourceTree = "<group>";
		};
/* End PBXVariantGroup section */

/* Begin XCBuildConfiguration section */
		108377C716636176006B86C6 /* Debug */ = {
			isa = XCBuildConfiguration;
			buildSettings = {
				ALWAYS_SEARCH_USER_PATHS = NO;
				ARCHS = (
					"$(ARCHS_STANDARD_32_BIT)",
					armv6,
				);
				CLANG_CXX_LANGUAGE_STANDARD = "gnu++0x";
				CLANG_CXX_LIBRARY = "libc++";
				CLANG_ENABLE_OBJC_ARC = YES;
				CLANG_WARN_EMPTY_BODY = YES;
				CLANG_WARN_OBJCPP_ARC_ABI = YES;
				CLANG_WARN__DUPLICATE_METHOD_MATCH = YES;
				"CODE_SIGN_IDENTITY[sdk=iphoneos*]" = "iPhone Developer";
				COPY_PHASE_STRIP = NO;
				GCC_C_LANGUAGE_STANDARD = gnu99;
				GCC_DYNAMIC_NO_PIC = NO;
				GCC_OPTIMIZATION_LEVEL = 0;
				GCC_PREPROCESSOR_DEFINITIONS = (
					"DEBUG=1",
					"$(inherited)",
				);
				GCC_SYMBOLS_PRIVATE_EXTERN = NO;
				GCC_WARN_ABOUT_RETURN_TYPE = YES;
				GCC_WARN_UNINITIALIZED_AUTOS = YES;
				GCC_WARN_UNUSED_VARIABLE = YES;
				IPHONEOS_DEPLOYMENT_TARGET = 6.0;
				SDKROOT = iphoneos;
				VALID_ARCHS = "armv7 armv7s armv6";
			};
			name = Debug;
		};
		108377C816636176006B86C6 /* Release */ = {
			isa = XCBuildConfiguration;
			buildSettings = {
				ALWAYS_SEARCH_USER_PATHS = NO;
				ARCHS = (
					"$(ARCHS_STANDARD_32_BIT)",
					armv6,
				);
				CLANG_CXX_LANGUAGE_STANDARD = "gnu++0x";
				CLANG_CXX_LIBRARY = "libc++";
				CLANG_ENABLE_OBJC_ARC = YES;
				CLANG_WARN_EMPTY_BODY = YES;
				CLANG_WARN_OBJCPP_ARC_ABI = YES;
				CLANG_WARN__DUPLICATE_METHOD_MATCH = YES;
				"CODE_SIGN_IDENTITY[sdk=iphoneos*]" = "iPhone Developer";
				COPY_PHASE_STRIP = YES;
				GCC_C_LANGUAGE_STANDARD = gnu99;
				GCC_WARN_ABOUT_RETURN_TYPE = YES;
				GCC_WARN_UNINITIALIZED_AUTOS = YES;
				GCC_WARN_UNUSED_VARIABLE = YES;
				IPHONEOS_DEPLOYMENT_TARGET = 6.0;
				OTHER_CFLAGS = "-DNS_BLOCK_ASSERTIONS=1";
				SDKROOT = iphoneos;
				VALIDATE_PRODUCT = YES;
				VALID_ARCHS = "armv7 armv7s armv6";
			};
			name = Release;
		};
		108377CA16636176006B86C6 /* Debug */ = {
			isa = XCBuildConfiguration;
			buildSettings = {
				ARCHS = "$(ARCHS_STANDARD_32_BIT)";
				CLANG_ENABLE_OBJC_ARC = YES;
				CLANG_WARN_OBJCPP_ARC_ABI = YES;
				GCC_PRECOMPILE_PREFIX_HEADER = YES;
				GCC_PREFIX_HEADER = "cienciaes/cienciaes-Prefix.pch";
				INFOPLIST_FILE = "cienciaes/cienciaes-Info.plist";
				IPHONEOS_DEPLOYMENT_TARGET = 5.0;
				PRODUCT_NAME = "$(TARGET_NAME)";
				VALID_ARCHS = "armv7 armv7s";
				WRAPPER_EXTENSION = app;
			};
			name = Debug;
		};
		108377CB16636176006B86C6 /* Release */ = {
			isa = XCBuildConfiguration;
			buildSettings = {
				ARCHS = "$(ARCHS_STANDARD_32_BIT)";
				CLANG_ENABLE_OBJC_ARC = YES;
				CLANG_WARN_OBJCPP_ARC_ABI = YES;
				GCC_PRECOMPILE_PREFIX_HEADER = YES;
				GCC_PREFIX_HEADER = "cienciaes/cienciaes-Prefix.pch";
				INFOPLIST_FILE = "cienciaes/cienciaes-Info.plist";
				IPHONEOS_DEPLOYMENT_TARGET = 5.0;
				PRODUCT_NAME = "$(TARGET_NAME)";
				VALID_ARCHS = "armv7 armv7s";
				WRAPPER_EXTENSION = app;
			};
			name = Release;
		};
/* End XCBuildConfiguration section */

/* Begin XCConfigurationList section */
		1083779716636175006B86C6 /* Build configuration list for PBXProject "cienciaes" */ = {
			isa = XCConfigurationList;
			buildConfigurations = (
				108377C716636176006B86C6 /* Debug */,
				108377C816636176006B86C6 /* Release */,
			);
			defaultConfigurationIsVisible = 0;
			defaultConfigurationName = Release;
		};
		108377C916636176006B86C6 /* Build configuration list for PBXNativeTarget "cienciaes" */ = {
			isa = XCConfigurationList;
			buildConfigurations = (
				108377CA16636176006B86C6 /* Debug */,
				108377CB16636176006B86C6 /* Release */,
			);
			defaultConfigurationIsVisible = 0;
			defaultConfigurationName = Release;
		};
/* End XCConfigurationList section */

/* Begin XCVersionGroup section */
		108377BE16636176006B86C6 /* cienciaes.xcdatamodeld */ = {
			isa = XCVersionGroup;
			children = (
				108377BF16636176006B86C6 /* cienciaes.xcdatamodel */,
			);
			currentVersion = 108377BF16636176006B86C6 /* cienciaes.xcdatamodel */;
			path = cienciaes.xcdatamodeld;
			sourceTree = "<group>";
			versionGroupType = wrapper.xcdatamodel;
		};
/* End XCVersionGroup section */
	};
	rootObject = 1083779416636175006B86C6 /* Project object */;
}
